Microsoft Visual Studio Solution File, Format Version 12.00
# Visual Studio 2013
VisualStudioVersion = 12.0.40629.0
MinimumVisualStudioVersion = 10.0.40219.1
Project("{349C5851-65DF-11DA-9384-00065B846F21}") = "LegacyCustomerPortalNet45", "LegacyCustomerPortalNet45.csproj", "{D7C2A4A5-BD4A-43C0-9E70-8E21E6A7C45D}"
EndProject
Global
	GlobalSection(SolutionConfigurationPlatforms) = preSolution
		Debug|Any CPU = Debug|Any CPU
		Release|Any CPU = Release|Any CPU
	EndGlobalSection
	GlobalSection(ProjectConfigurationPlatforms) = postSolution
		{D7C2A4A5-BD4A-43C0-9E70-8E21E6A7C45D}.Debug|Any CPU.ActiveCfg = Debug|Any CPU
		{D7C2A4A5-BD4A-43C0-9E70-8E21E6A7C45D}.Debug|Any CPU.Build.0 = Debug|Any CPU
		{D7C2A4A5-BD4A-43C0-9E70-8E21E6A7C45D}.Release|Any CPU.ActiveCfg = Release|Any CPU
		{D7C2A4A5-BD4A-43C0-9E70-8E21E6A7C45D}.Release|Any CPU.Build.0 = Release|Any CPU
	EndGlobalSection
EndGlobal
